
Microsoft Visual Studio Solution File, Format Version 12.00
# Visual Studio Version 17
VisualStudioVersion = 17.4.33103.184
MinimumVisualStudioVersion = 10.0.40219.1
Project("{9A19103F-16F7-4668-BE54-9A1E7A4F7556}") = "GrpcGreeter", "GrpcGreeter\GrpcGreeter.csproj", "{E9226824-DEE3-4D9E-8111-42C12CD148E3}"
EndProject
Global
	GlobalSection(SolutionConfigurationPlatforms) = preSolution
		Debug|Any CPU = Debug|Any CPU
		Release|Any CPU = Release|Any CPU
	EndGlobalSection
	GlobalSection(ProjectConfigurationPlatforms) = postSolution
		{E9226824-DEE3-4D9E-8111-42C12CD148E3}.Debug|Any CPU.ActiveCfg = Debug|Any CPU
		{E9226824-DEE3-4D9E-8111-42C12CD148E3}.Debug|Any CPU.Build.0 = Debug|Any CPU
		{E9226824-DEE3-4D9E-8111-42C12CD148E3}.Release|Any CPU.ActiveCfg = Release|Any CPU
		{E9226824-DEE3-4D9E-8111-42C12CD148E3}.Release|Any CPU.Build.0 = Release|Any CPU
	EndGlobalSection
	GlobalSection(SolutionProperties) = preSolution
		HideSolutionNode = FALSE
	EndGlobalSection
	GlobalSection(ExtensibilityGlobals) = postSolution
		SolutionGuid = {0263B242-EC27-4FD2-BB0B-A2F3225587C2}
	EndGlobalSection
EndGlobal
