
Microsoft Visual Studio Solution File, Format Version 12.00
# Visual Studio Version 17
VisualStudioVersion = 17.3.32901.215
MinimumVisualStudioVersion = 10.0.40219.1
Project("{2150E333-8FDC-42A3-9474-1A3956D46DE8}") = "proto", "proto", "{8D626CDD-082B-4831-B1E9-22AF4EBA4E53}"
	ProjectSection(SolutionItems) = preProject
		dummy.proto = dummy.proto
		greeting.proto = greeting.proto
	EndProjectSection
EndProject
Project("{FAE04EC0-301F-11D3-BF4B-00C04F79EFBC}") = "client", "client\client.csproj", "{A452E3FE-0252-417D-AE30-4E960955108F}"
EndProject
Project("{FAE04EC0-301F-11D3-BF4B-00C04F79EFBC}") = "server", "server\server.csproj", "{CCC60716-3961-4A0D-BD73-8F569A7CFBA1}"
EndProject
Project("{FAE04EC0-301F-11D3-BF4B-00C04F79EFBC}") = "GrpcGreeter", "GrpcGreeter\GrpcGreeter.csproj", "{3B5C6958-1D8D-45A5-839D-478372EE58EA}"
EndProject
Global
	GlobalSection(SolutionConfigurationPlatforms) = preSolution
		Debug|Any CPU = Debug|Any CPU
		Release|Any CPU = Release|Any CPU
	EndGlobalSection
	GlobalSection(ProjectConfigurationPlatforms) = postSolution
		{A452E3FE-0252-417D-AE30-4E960955108F}.Debug|Any CPU.ActiveCfg = Debug|Any CPU
		{A452E3FE-0252-417D-AE30-4E960955108F}.Debug|Any CPU.Build.0 = Debug|Any CPU
		{A452E3FE-0252-417D-AE30-4E960955108F}.Release|Any CPU.ActiveCfg = Release|Any CPU
		{A452E3FE-0252-417D-AE30-4E960955108F}.Release|Any CPU.Build.0 = Release|Any CPU
		{CCC60716-3961-4A0D-BD73-8F569A7CFBA1}.Debug|Any CPU.ActiveCfg = Debug|Any CPU
		{CCC60716-3961-4A0D-BD73-8F569A7CFBA1}.Debug|Any CPU.Build.0 = Debug|Any CPU
		{CCC60716-3961-4A0D-BD73-8F569A7CFBA1}.Release|Any CPU.ActiveCfg = Release|Any CPU
		{CCC60716-3961-4A0D-BD73-8F569A7CFBA1}.Release|Any CPU.Build.0 = Release|Any CPU
		{3B5C6958-1D8D-45A5-839D-478372EE58EA}.Debug|Any CPU.ActiveCfg = Debug|Any CPU
		{3B5C6958-1D8D-45A5-839D-478372EE58EA}.Debug|Any CPU.Build.0 = Debug|Any CPU
		{3B5C6958-1D8D-45A5-839D-478372EE58EA}.Release|Any CPU.ActiveCfg = Release|Any CPU
		{3B5C6958-1D8D-45A5-839D-478372EE58EA}.Release|Any CPU.Build.0 = Release|Any CPU
	EndGlobalSection
	GlobalSection(SolutionProperties) = preSolution
		HideSolutionNode = FALSE
	EndGlobalSection
	GlobalSection(NestedProjects) = preSolution
		{3B5C6958-1D8D-45A5-839D-478372EE58EA} = {8D626CDD-082B-4831-B1E9-22AF4EBA4E53}
	EndGlobalSection
	GlobalSection(ExtensibilityGlobals) = postSolution
		SolutionGuid = {ED77D013-CFC8-4466-81A5-C30B21B60864}
	EndGlobalSection
EndGlobal
